speakeasyVersion: 1.551.0
sources:
    Attio API:
        sourceNamespace: attio-api
        sourceRevisionDigest: sha256:ddbd95a011aac4729324a6b20a6f25e9cf2b620caa254689f7a5ecc73e6aa657
        sourceBlobDigest: sha256:1e7487821480a1ae46c467ceb39167770e82afecbb6f98c41ad0892a7f2ba7f4
        tags:
            - latest
            - 2.0.0
targets:
    attio:
        source: Attio API
        sourceNamespace: attio-api
        sourceRevisionDigest: sha256:ddbd95a011aac4729324a6b20a6f25e9cf2b620caa254689f7a5ecc73e6aa657
        sourceBlobDigest: sha256:1e7487821480a1ae46c467ceb39167770e82afecbb6f98c41ad0892a7f2ba7f4
        codeSamplesNamespace: attio-api-python-code-samples
        codeSamplesRevisionDigest: sha256:cc0276d0c0d1acfc1b7de4ae62c2f646f2a30a871aa17417918ff5c7b72344ad
workflow:
    workflowVersion: 1.0.0
    speakeasyVersion: latest
    sources:
        Attio API:
            inputs:
                - location: attio-spec.json
            registry:
                location: registry.speakeasyapi.dev/chalk-ai/chalk-ai/attio-api
    targets:
        attio:
            target: python
            source: Attio API
            codeSamples:
                registry:
                    location: registry.speakeasyapi.dev/chalk-ai/chalk-ai/attio-api-python-code-samples
                labelOverride:
                    fixedValue: Python (SDK)
                blocking: false
